// !$*UTF8*$!
{
	archiveVersion = 1;
	classes = {
	};
	objectVersion = 77;
	objects = {

/* Begin PBXContainerItemProxy section */
		D008D2B12D54C6ED004150F1 /* PBXContainerItemProxy */ = {
			isa = PBXContainerItemProxy;
			containerPortal = D008D28F2D54C6EA004150F1 /* Project object */;
			proxyType = 1;
			remoteGlobalIDString = D008D2962D54C6EA004150F1;
			remoteInfo = MemoryLeaks;
		};
		D008D2BB2D54C6ED004150F1 /* PBXContainerItemProxy */ = {
			isa = PBXContainerItemProxy;
			containerPortal = D008D28F2D54C6EA004150F1 /* Project object */;
			proxyType = 1;
			remoteGlobalIDString = D008D2962D54C6EA004150F1;
			remoteInfo = MemoryLeaks;
		};
/* End PBXContainerItemProxy section */

/* Begin PBXFileReference section */
		D008D2972D54C6EA004150F1 /* MemoryLeaks.app */ = {isa = PBXFileReference; explicitFileType = wrapper.application; includeInIndex = 0; path = MemoryLeaks.app; sourceTree = BUILT_PRODUCTS_DIR; };
		D008D2B02D54C6ED004150F1 /* MemoryLeaksTests.xctest */ = {isa = PBXFileReference; explicitFileType = wrapper.cfbundle; includeInIndex = 0; path = MemoryLeaksTests.xctest; sourceTree = BUILT_PRODUCTS_DIR; };
		D008D2BA2D54C6ED004150F1 /* MemoryLeaksUITests.xctest */ = {isa = PBXFileReference; explicitFileType = wrapper.cfbundle; includeInIndex = 0; path = MemoryLeaksUITests.xctest; sourceTree = BUILT_PRODUCTS_DIR; };
/* End PBXFileReference section */

/* Begin PBXFileSystemSynchronizedBuildFileExceptionSet section */
		D008D2C22D54C6ED004150F1 /* Exceptions for "MemoryLeaks" folder in "MemoryLeaks" target */ = {
			isa = PBXFileSystemSynchronizedBuildFileExceptionSet;
			membershipExceptions = (
				Info.plist,
			);
			target = D008D2962D54C6EA004150F1 /* MemoryLeaks */;
		};
/* End PBXFileSystemSynchronizedBuildFileExceptionSet section */

/* Begin PBXFileSystemSynchronizedRootGroup section */
		D008D2992D54C6EA004150F1 /* MemoryLeaks */ = {
			isa = PBXFileSystemSynchronizedRootGroup;
			exceptions = (
				D008D2C22D54C6ED004150F1 /* Exceptions for "MemoryLeaks" folder in "MemoryLeaks" target */,
			);
			path = MemoryLeaks;
			sourceTree = "<group>";
		};
		D008D2B32D54C6ED004150F1 /* MemoryLeaksTests */ = {
			isa = PBXFileSystemSynchronizedRootGroup;
			path = MemoryLeaksTests;
			sourceTree = "<group>";
		};
		D008D2BD2D54C6ED004150F1 /* MemoryLeaksUITests */ = {
			isa = PBXFileSystemSynchronizedRootGroup;
			path = MemoryLeaksUITests;
			sourceTree = "<group>";
		};
/* End PBXFileSystemSynchronizedRootGroup section */

/* Begin PBXFrameworksBuildPhase section */
		D008D2942D54C6EA004150F1 /* Frameworks */ = {
			isa = PBXFrameworksBuildPhase;
			buildActionMask = 2147483647;
			files = (
			);
			runOnlyForDeploymentPostprocessing = 0;
		};
		D008D2AD2D54C6ED004150F1 /* Frameworks */ = {
			isa = PBXFrameworksBuildPhase;
			buildActionMask = 2147483647;
			files = (
			);
			runOnlyForDeploymentPostprocessing = 0;
		};
		D008D2B72D54C6ED004150F1 /* Frameworks */ = {
			isa = PBXFrameworksBuildPhase;
			buildActionMask = 2147483647;
			files = (
			);
			runOnlyForDeploymentPostprocessing = 0;
		};
/* End PBXFrameworksBuildPhase section */

/* Begin PBXGroup section */
		D008D28E2D54C6EA004150F1 = {
			isa = PBXGroup;
			children = (
				D008D2992D54C6EA004150F1 /* MemoryLeaks */,
				D008D2B32D54C6ED004150F1 /* MemoryLeaksTests */,
				D008D2BD2D54C6ED004150F1 /* MemoryLeaksUITests */,
				D008D2982D54C6EA004150F1 /* Products */,
			);
			sourceTree = "<group>";
		};
		D008D2982D54C6EA004150F1 /* Products */ = {
			isa = PBXGroup;
			children = (
				D008D2972D54C6EA004150F1 /* MemoryLeaks.app */,
				D008D2B02D54C6ED004150F1 /* MemoryLeaksTests.xctest */,
				D008D2BA2D54C6ED004150F1 /* MemoryLeaksUITests.xctest */,
			);
			name = Products;
			sourceTree = "<group>";
		};
/* End PBXGroup section */

/* Begin PBXNativeTarget section */
		D008D2962D54C6EA004150F1 /* MemoryLeaks */ = {
			isa = PBXNativeTarget;
			buildConfigurationList = D008D2C32D54C6ED004150F1 /* Build configuration list for PBXNativeTarget "MemoryLeaks" */;
			buildPhases = (
				D008D2932D54C6EA004150F1 /* Sources */,
				D008D2942D54C6EA004150F1 /* Frameworks */,
				D008D2952D54C6EA004150F1 /* Resources */,
			);
			buildRules = (
			);
			dependencies = (
			);
			fileSystemSynchronizedGroups = (
				D008D2992D54C6EA004150F1 /* MemoryLeaks */,
			);
			name = MemoryLeaks;
			packageProductDependencies = (
			);
			productName = MemoryLeaks;
			productReference = D008D2972D54C6EA004150F1 /* MemoryLeaks.app */;
			productType = "com.apple.product-type.application";
		};
		D008D2AF2D54C6ED004150F1 /* MemoryLeaksTests */ = {
			isa = PBXNativeTarget;
			buildConfigurationList = D008D2C82D54C6ED004150F1 /* Build configuration list for PBXNativeTarget "MemoryLeaksTests" */;
			buildPhases = (
				D008D2AC2D54C6ED004150F1 /* Sources */,
				D008D2AD2D54C6ED004150F1 /* Frameworks */,
				D008D2AE2D54C6ED004150F1 /* Resources */,
			);
			buildRules = (
			);
			dependencies = (
				D008D2B22D54C6ED004150F1 /* PBXTargetDependency */,
			);
			fileSystemSynchronizedGroups = (
				D008D2B32D54C6ED004150F1 /* MemoryLeaksTests */,
			);
			name = MemoryLeaksTests;
			packageProductDependencies = (
			);
			productName = MemoryLeaksTests;
			productReference = D008D2B02D54C6ED004150F1 /* MemoryLeaksTests.xctest */;
			productType = "com.apple.product-type.bundle.unit-test";
		};
		D008D2B92D54C6ED004150F1 /* MemoryLeaksUITests */ = {
			isa = PBXNativeTarget;
			buildConfigurationList = D008D2CB2D54C6ED004150F1 /* Build configuration list for PBXNativeTarget "MemoryLeaksUITests" */;
			buildPhases = (
				D008D2B62D54C6ED004150F1 /* Sources */,
				D008D2B72D54C6ED004150F1 /* Frameworks */,
				D008D2B82D54C6ED004150F1 /* Resources */,
			);
			buildRules = (
			);
			dependencies = (
				D008D2BC2D54C6ED004150F1 /* PBXTargetDependency */,
			);
			fileSystemSynchronizedGroups = (
				D008D2BD2D54C6ED004150F1 /* MemoryLeaksUITests */,
			);
			name = MemoryLeaksUITests;
			packageProductDependencies = (
			);
			productName = MemoryLeaksUITests;
			productReference = D008D2BA2D54C6ED004150F1 /* MemoryLeaksUITests.xctest */;
			productType = "com.apple.product-type.bundle.ui-testing";
		};
/* End PBXNativeTarget section */

/* Begin PBXProject section */
		D008D28F2D54C6EA004150F1 /* Project object */ = {
			isa = PBXProject;
			attributes = {
				BuildIndependentTargetsInParallel = 1;
				LastSwiftUpdateCheck = 1620;
				LastUpgradeCheck = 1620;
				TargetAttributes = {
					D008D2962D54C6EA004150F1 = {
						CreatedOnToolsVersion = 16.2;
					};
					D008D2AF2D54C6ED004150F1 = {
						CreatedOnToolsVersion = 16.2;
						TestTargetID = D008D2962D54C6EA004150F1;
					};
					D008D2B92D54C6ED004150F1 = {
						CreatedOnToolsVersion = 16.2;
						TestTargetID = D008D2962D54C6EA004150F1;
					};
				};
			};
			buildConfigurationList = D008D2922D54C6EA004150F1 /* Build configuration list for PBXProject "MemoryLeaks" */;
			developmentRegion = en;
			hasScannedForEncodings = 0;
			knownRegions = (
				en,
				Base,
			);
			mainGroup = D008D28E2D54C6EA004150F1;
			minimizedProjectReferenceProxies = 1;
			preferredProjectObjectVersion = 77;
			productRefGroup = D008D2982D54C6EA004150F1 /* Products */;
			projectDirPath = "";
			projectRoot = "";
			targets = (
				D008D2962D54C6EA004150F1 /* MemoryLeaks */,
				D008D2AF2D54C6ED004150F1 /* MemoryLeaksTests */,
				D008D2B92D54C6ED004150F1 /* MemoryLeaksUITests */,
			);
		};
/* End PBXProject section */

/* Begin PBXResourcesBuildPhase section */
		D008D2952D54C6EA004150F1 /* Resources */ = {
			isa = PBXResourcesBuildPhase;
			buildActionMask = 2147483647;
			files = (
			);
			runOnlyForDeploymentPostprocessing = 0;
		};
		D008D2AE2D54C6ED004150F1 /* Resources */ = {
			isa = PBXResourcesBuildPhase;
			buildActionMask = 2147483647;
			files = (
			);
			runOnlyForDeploymentPostprocessing = 0;
		};
		D008D2B82D54C6ED004150F1 /* Resources */ = {
			isa = PBXResourcesBuildPhase;
			buildActionMask = 2147483647;
			files = (
			);
			runOnlyForDeploymentPostprocessing = 0;
		};
/* End PBXResourcesBuildPhase section */

/* Begin PBXSourcesBuildPhase section */
		D008D2932D54C6EA004150F1 /* Sources */ = {
			isa = PBXSourcesBuildPhase;
			buildActionMask = 2147483647;
			files = (
			);
			runOnlyForDeploymentPostprocessing = 0;
		};
		D008D2AC2D54C6ED004150F1 /* Sources */ = {
			isa = PBXSourcesBuildPhase;
			buildActionMask = 2147483647;
			files = (
			);
			runOnlyForDeploymentPostprocessing = 0;
		};
		D008D2B62D54C6ED004150F1 /* Sources */ = {
			isa = PBXSourcesBuildPhase;
			buildActionMask = 2147483647;
			files = (
			);
			runOnlyForDeploymentPostprocessing = 0;
		};
/* End PBXSourcesBuildPhase section */

/* Begin PBXTargetDependency section */
		D008D2B22D54C6ED004150F1 /* PBXTargetDependency */ = {
			isa = PBXTargetDependency;
			target = D008D2962D54C6EA004150F1 /* MemoryLeaks */;
			targetProxy = D008D2B12D54C6ED004150F1 /* PBXContainerItemProxy */;
		};
		D008D2BC2D54C6ED004150F1 /* PBXTargetDependency */ = {
			isa = PBXTargetDependency;
			target = D008D2962D54C6EA004150F1 /* MemoryLeaks */;
			targetProxy = D008D2BB2D54C6ED004150F1 /* PBXContainerItemProxy */;
		};
/* End PBXTargetDependency section */

/* Begin XCBuildConfiguration section */
		D008D2C42D54C6ED004150F1 /* Debug */ = {
			isa = XCBuildConfiguration;
			buildSettings = {
				ASSETCATALOG_COMPILER_APPICON_NAME = AppIcon;
				ASSETCATALOG_COMPILER_GLOBAL_ACCENT_COLOR_NAME = AccentColor;
				CODE_SIGN_STYLE = Automatic;
				CURRENT_PROJECT_VERSION = 1;
				GENERATE_INFOPLIST_FILE = YES;
				INFOPLIST_FILE = MemoryLeaks/Info.plist;
				INFOPLIST_KEY_UIApplicationSupportsIndirectInputEvents = YES;
				INFOPLIST_KEY_UILaunchStoryboardName = LaunchScreen;
				INFOPLIST_KEY_UIMainStoryboardFile = Main;
				INFOPLIST_KEY_UISupportedInterfaceOrientations_iPad = "UIInterfaceOrientationPortrait UIInterfaceOrientationPortraitUpsideDown UIInterfaceOrientationLandscapeLeft UIInterfaceOrientationLandscapeRight";
				INFOPLIST_KEY_UISupportedInterfaceOrientations_iPhone = "UIInterfaceOrientationPortrait UIInterfaceOrientationLandscapeLeft UIInterfaceOrientationLandscapeRight";
				LD_RUNPATH_SEARCH_PATHS = (
					"$(inherited)",
					"@executable_path/Frameworks",
				);
				MARKETING_VERSION = 1.0;
				PRODUCT_BUNDLE_IDENTIFIER = com.elexoft.MemoryLeaks;
				PRODUCT_NAME = "$(TARGET_NAME)";
				SWIFT_EMIT_LOC_STRINGS = YES;
				SWIFT_VERSION = 5.0;
				TARGETED_DEVICE_FAMILY = "1,2";
			};
			name = Debug;
		};
		D008D2C52D54C6ED004150F1 /* Release */ = {
			isa = XCBuildConfiguration;
			buildSettings = {
				ASSETCATALOG_COMPILER_APPICON_NAME = AppIcon;
				ASSETCATALOG_COMPILER_GLOBAL_ACCENT_COLOR_NAME = AccentColor;
				CODE_SIGN_STYLE = Automatic;
				CURRENT_PROJECT_VERSION = 1;
				GENERATE_INFOPLIST_FILE = YES;
				INFOPLIST_FILE = MemoryLeaks/Info.plist;
				INFOPLIST_KEY_UIApplicationSupportsIndirectInputEvents = YES;
				INFOPLIST_KEY_UILaunchStoryboardName = LaunchScreen;
				INFOPLIST_KEY_UIMainStoryboardFile = Main;
				INFOPLIST_KEY_UISupportedInterfaceOrientations_iPad = "UIInterfaceOrientationPortrait UIInterfaceOrientationPortraitUpsideDown UIInterfaceOrientationLandscapeLeft UIInterfaceOrientationLandscapeRight";
				INFOPLIST_KEY_UISupportedInterfaceOrientations_iPhone = "UIInterfaceOrientationPortrait UIInterfaceOrientationLandscapeLeft UIInterfaceOrientationLandscapeRight";
				LD_RUNPATH_SEARCH_PATHS = (
					"$(inherited)",
					"@executable_path/Frameworks",
				);
				MARKETING_VERSION = 1.0;
				PRODUCT_BUNDLE_IDENTIFIER = com.elexoft.MemoryLeaks;
				PRODUCT_NAME = "$(TARGET_NAME)";
				SWIFT_EMIT_LOC_STRINGS = YES;
				SWIFT_VERSION = 5.0;
				TARGETED_DEVICE_FAMILY = "1,2";
			};
			name = Release;
		};
		D008D2C62D54C6ED004150F1 /* Debug */ = {
			isa = XCBuildConfiguration;
			buildSettings = {
				ALWAYS_SEARCH_USER_PATHS = NO;
				ASSETCATALOG_COMPILER_GENERATE_SWIFT_ASSET_SYMBOL_EXTENSIONS = YES;
				CLANG_ANALYZER_NONNULL = YES;
				CLANG_ANALYZER_NUMBER_OBJECT_CONVERSION = YES_AGGRESSIVE;
				CLANG_CXX_LANGUAGE_STANDARD = "gnu++20";
				CLANG_ENABLE_MODULES = YES;
				CLANG_ENABLE_OBJC_ARC = YES;
				CLANG_ENABLE_OBJC_WEAK = YES;
				CLANG_WARN_BLOCK_CAPTURE_AUTORELEASING = YES;
				CLANG_WARN_BOOL_CONVERSION = YES;
				CLANG_WARN_COMMA = YES;
				CLANG_WARN_CONSTANT_CONVERSION = YES;
				CLANG_WARN_DEPRECATED_OBJC_IMPLEMENTATIONS = YES;
				CLANG_WARN_DIRECT_OBJC_ISA_USAGE = YES_ERROR;
				CLANG_WARN_DOCUMENTATION_COMMENTS = YES;
				CLANG_WARN_EMPTY_BODY = YES;
				CLANG_WARN_ENUM_CONVERSION = YES;
				CLANG_WARN_INFINITE_RECURSION = YES;
				CLANG_WARN_INT_CONVERSION = YES;
				CLANG_WARN_NON_LITERAL_NULL_CONVERSION = YES;
				CLANG_WARN_OBJC_IMPLICIT_RETAIN_SELF = YES;
				CLANG_WARN_OBJC_LITERAL_CONVERSION = YES;
				CLANG_WARN_OBJC_ROOT_CLASS = YES_ERROR;
				CLANG_WARN_QUOTED_INCLUDE_IN_FRAMEWORK_HEADER = YES;
				CLANG_WARN_RANGE_LOOP_ANALYSIS = YES;
				CLANG_WARN_STRICT_PROTOTYPES = YES;
				CLANG_WARN_SUSPICIOUS_MOVE = YES;
				CLANG_WARN_UNGUARDED_AVAILABILITY = YES_AGGRESSIVE;
				CLANG_WARN_UNREACHABLE_CODE = YES;
				CLANG_WARN__DUPLICATE_METHOD_MATCH = YES;
				COPY_PHASE_STRIP = NO;
				DEBUG_INFORMATION_FORMAT = dwarf;
				ENABLE_STRICT_OBJC_MSGSEND = YES;
				ENABLE_TESTABILITY = YES;
				ENABLE_USER_SCRIPT_SANDBOXING = YES;
				GCC_C_LANGUAGE_STANDARD = gnu17;
				GCC_DYNAMIC_NO_PIC = NO;
				GCC_NO_COMMON_BLOCKS = YES;
				GCC_OPTIMIZATION_LEVEL = 0;
				GCC_PREPROCESSOR_DEFINITIONS = (
					"DEBUG=1",
					"$(inherited)",
				);
				GCC_WARN_64_TO_32_BIT_CONVERSION = YES;
				GCC_WARN_ABOUT_RETURN_TYPE = YES_ERROR;
				GCC_WARN_UNDECLARED_SELECTOR = YES;
				GCC_WARN_UNINITIALIZED_AUTOS = YES_AGGRESSIVE;
				GCC_WARN_UNUSED_FUNCTION = YES;
				GCC_WARN_UNUSED_VARIABLE = YES;
				IPHONEOS_DEPLOYMENT_TARGET = 18.2;
				LOCALIZATION_PREFERS_STRING_CATALOGS = YES;
				MTL_ENABLE_DEBUG_INFO = INCLUDE_SOURCE;
				MTL_FAST_MATH = YES;
				ONLY_ACTIVE_ARCH = YES;
				SDKROOT = iphoneos;
				SWIFT_ACTIVE_COMPILATION_CONDITIONS = "DEBUG $(inherited)";
				SWIFT_OPTIMIZATION_LEVEL = "-Onone";
			};
			name = Debug;
		};
		D008D2C72D54C6ED004150F1 /* Release */ = {
			isa = XCBuildConfiguration;
			buildSettings = {
				ALWAYS_SEARCH_USER_PATHS = NO;
				ASSETCATALOG_COMPILER_GENERATE_SWIFT_ASSET_SYMBOL_EXTENSIONS = YES;
				CLANG_ANALYZER_NONNULL = YES;
				CLANG_ANALYZER_NUMBER_OBJECT_CONVERSION = YES_AGGRESSIVE;
				CLANG_CXX_LANGUAGE_STANDARD = "gnu++20";
				CLANG_ENABLE_MODULES = YES;
				CLANG_ENABLE_OBJC_ARC = YES;
				CLANG_ENABLE_OBJC_WEAK = YES;
				CLANG_WARN_BLOCK_CAPTURE_AUTORELEASING = YES;
				CLANG_WARN_BOOL_CONVERSION = YES;
				CLANG_WARN_COMMA = YES;
				CLANG_WARN_CONSTANT_CONVERSION = YES;
				CLANG_WARN_DEPRECATED_OBJC_IMPLEMENTATIONS = YES;
				CLANG_WARN_DIRECT_OBJC_ISA_USAGE = YES_ERROR;
				CLANG_WARN_DOCUMENTATION_COMMENTS = YES;
				CLANG_WARN_EMPTY_BODY = YES;
				CLANG_WARN_ENUM_CONVERSION = YES;
				CLANG_WARN_INFINITE_RECURSION = YES;
				CLANG_WARN_INT_CONVERSION = YES;
				CLANG_WARN_NON_LITERAL_NULL_CONVERSION = YES;
				CLANG_WARN_OBJC_IMPLICIT_RETAIN_SELF = YES;
				CLANG_WARN_OBJC_LITERAL_CONVERSION = YES;
				CLANG_WARN_OBJC_ROOT_CLASS = YES_ERROR;
				CLANG_WARN_QUOTED_INCLUDE_IN_FRAMEWORK_HEADER = YES;
				CLANG_WARN_RANGE_LOOP_ANALYSIS = YES;
				CLANG_WARN_STRICT_PROTOTYPES = YES;
				CLANG_WARN_SUSPICIOUS_MOVE = YES;
				CLANG_WARN_UNGUARDED_AVAILABILITY = YES_AGGRESSIVE;
				CLANG_WARN_UNREACHABLE_CODE = YES;
				CLANG_WARN__DUPLICATE_METHOD_MATCH = YES;
				COPY_PHASE_STRIP = NO;
				DEBUG_INFORMATION_FORMAT = "dwarf-with-dsym";
				ENABLE_NS_ASSERTIONS = NO;
				ENABLE_STRICT_OBJC_MSGSEND = YES;
				ENABLE_USER_SCRIPT_SANDBOXING = YES;
				GCC_C_LANGUAGE_STANDARD = gnu17;
				GCC_NO_COMMON_BLOCKS = YES;
				GCC_WARN_64_TO_32_BIT_CONVERSION = YES;
				GCC_WARN_ABOUT_RETURN_TYPE = YES_ERROR;
				GCC_WARN_UNDECLARED_SELECTOR = YES;
				GCC_WARN_UNINITIALIZED_AUTOS = YES_AGGRESSIVE;
				GCC_WARN_UNUSED_FUNCTION = YES;
				GCC_WARN_UNUSED_VARIABLE = YES;
				IPHONEOS_DEPLOYMENT_TARGET = 18.2;
				LOCALIZATION_PREFERS_STRING_CATALOGS = YES;
				MTL_ENABLE_DEBUG_INFO = NO;
				MTL_FAST_MATH = YES;
				SDKROOT = iphoneos;
				SWIFT_COMPILATION_MODE = wholemodule;
				VALIDATE_PRODUCT = YES;
			};
			name = Release;
		};
		D008D2C92D54C6ED004150F1 /* Debug */ = {
			isa = XCBuildConfiguration;
			buildSettings = {
				BUNDLE_LOADER = "$(TEST_HOST)";
				CODE_SIGN_STYLE = Automatic;
				CURRENT_PROJECT_VERSION = 1;
				GENERATE_INFOPLIST_FILE = YES;
				IPHONEOS_DEPLOYMENT_TARGET = 18.2;
				MARKETING_VERSION = 1.0;
				PRODUCT_BUNDLE_IDENTIFIER = com.elexoft.MemoryLeaksTests;
				PRODUCT_NAME = "$(TARGET_NAME)";
				SWIFT_EMIT_LOC_STRINGS = NO;
				SWIFT_VERSION = 5.0;
				TARGETED_DEVICE_FAMILY = "1,2";
				TEST_HOST = "$(BUILT_PRODUCTS_DIR)/MemoryLeaks.app/$(BUNDLE_EXECUTABLE_FOLDER_PATH)/MemoryLeaks";
			};
			name = Debug;
		};
		D008D2CA2D54C6ED004150F1 /* Release */ = {
			isa = XCBuildConfiguration;
			buildSettings = {
				BUNDLE_LOADER = "$(TEST_HOST)";
				CODE_SIGN_STYLE = Automatic;
				CURRENT_PROJECT_VERSION = 1;
				GENERATE_INFOPLIST_FILE = YES;
				IPHONEOS_DEPLOYMENT_TARGET = 18.2;
				MARKETING_VERSION = 1.0;
				PRODUCT_BUNDLE_IDENTIFIER = com.elexoft.MemoryLeaksTests;
				PRODUCT_NAME = "$(TARGET_NAME)";
				SWIFT_EMIT_LOC_STRINGS = NO;
				SWIFT_VERSION = 5.0;
				TARGETED_DEVICE_FAMILY = "1,2";
				TEST_HOST = "$(BUILT_PRODUCTS_DIR)/MemoryLeaks.app/$(BUNDLE_EXECUTABLE_FOLDER_PATH)/MemoryLeaks";
			};
			name = Release;
		};
		D008D2CC2D54C6ED004150F1 /* Debug */ = {
			isa = XCBuildConfiguration;
			buildSettings = {
				CODE_SIGN_STYLE = Automatic;
				CURRENT_PROJECT_VERSION = 1;
				GENERATE_INFOPLIST_FILE = YES;
				MARKETING_VERSION = 1.0;
				PRODUCT_BUNDLE_IDENTIFIER = com.elexoft.MemoryLeaksUITests;
				PRODUCT_NAME = "$(TARGET_NAME)";
				SWIFT_EMIT_LOC_STRINGS = NO;
				SWIFT_VERSION = 5.0;
				TARGETED_DEVICE_FAMILY = "1,2";
				TEST_TARGET_NAME = MemoryLeaks;
			};
			name = Debug;
		};
		D008D2CD2D54C6ED004150F1 /* Release */ = {
			isa = XCBuildConfiguration;
			buildSettings = {
				CODE_SIGN_STYLE = Automatic;
				CURRENT_PROJECT_VERSION = 1;
				GENERATE_INFOPLIST_FILE = YES;
				MARKETING_VERSION = 1.0;
				PRODUCT_BUNDLE_IDENTIFIER = com.elexoft.MemoryLeaksUITests;
				PRODUCT_NAME = "$(TARGET_NAME)";
				SWIFT_EMIT_LOC_STRINGS = NO;
				SWIFT_VERSION = 5.0;
				TARGETED_DEVICE_FAMILY = "1,2";
				TEST_TARGET_NAME = MemoryLeaks;
			};
			name = Release;
		};
/* End XCBuildConfiguration section */

/* Begin XCConfigurationList section */
		D008D2922D54C6EA004150F1 /* Build configuration list for PBXProject "MemoryLeaks" */ = {
			isa = XCConfigurationList;
			buildConfigurations = (
				D008D2C62D54C6ED004150F1 /* Debug */,
				D008D2C72D54C6ED004150F1 /* Release */,
			);
			defaultConfigurationIsVisible = 0;
			defaultConfigurationName = Release;
		};
		D008D2C32D54C6ED004150F1 /* Build configuration list for PBXNativeTarget "MemoryLeaks" */ = {
			isa = XCConfigurationList;
			buildConfigurations = (
				D008D2C42D54C6ED004150F1 /* Debug */,
				D008D2C52D54C6ED004150F1 /* Release */,
			);
			defaultConfigurationIsVisible = 0;
			defaultConfigurationName = Release;
		};
		D008D2C82D54C6ED004150F1 /* Build configuration list for PBXNativeTarget "MemoryLeaksTests" */ = {
			isa = XCConfigurationList;
			buildConfigurations = (
				D008D2C92D54C6ED004150F1 /* Debug */,
				D008D2CA2D54C6ED004150F1 /* Release */,
			);
			defaultConfigurationIsVisible = 0;
			defaultConfigurationName = Release;
		};
		D008D2CB2D54C6ED004150F1 /* Build configuration list for PBXNativeTarget "MemoryLeaksUITests" */ = {
			isa = XCConfigurationList;
			buildConfigurations = (
				D008D2CC2D54C6ED004150F1 /* Debug */,
				D008D2CD2D54C6ED004150F1 /* Release */,
			);
			defaultConfigurationIsVisible = 0;
			defaultConfigurationName = Release;
		};
/* End XCConfigurationList section */
	};
	rootObject = D008D28F2D54C6EA004150F1 /* Project object */;
}
